
Microsoft Visual Studio Solution File, Format Version 12.00
# Visual Studio Version 16
VisualStudioVersion = 16.0.31729.503
MinimumVisualStudioVersion = 10.0.40219.1
Project("{FAE04EC0-301F-11D3-BF4B-00C04F79EFBC}") = "eTickets", "eTickets\eTickets.csproj", "{C329FBBF-BB54-4683-805C-540F7AC0568C}"
EndProject
Global
	GlobalSection(SolutionConfigurationPlatforms) = preSolution
		Debug|Any CPU = Debug|Any CPU
		Release|Any CPU = Release|Any CPU
	EndGlobalSection
	GlobalSection(ProjectConfigurationPlatforms) = postSolution
		{C329FBBF-BB54-4683-805C-540F7AC0568C}.Debug|Any CPU.ActiveCfg = Debug|Any CPU
		{C329FBBF-BB54-4683-805C-540F7AC0568C}.Debug|Any CPU.Build.0 = Debug|Any CPU
		{C329FBBF-BB54-4683-805C-540F7AC0568C}.Release|Any CPU.ActiveCfg = Release|Any CPU
		{C329FBBF-BB54-4683-805C-540F7AC0568C}.Release|Any CPU.Build.0 = Release|Any CPU
	EndGlobalSection
	GlobalSection(SolutionProperties) = preSolution
		HideSolutionNode = FALSE
	EndGlobalSection
	GlobalSection(ExtensibilityGlobals) = postSolution
		SolutionGuid = {BFE57740-44A0-44F3-96AE-630EE5EA52CF}
	EndGlobalSection
EndGlobal
